
Microsoft Visual Studio Solution File, Format Version 12.00
# Visual Studio Version 16
VisualStudioVersion = 16.0.30804.86
MinimumVisualStudioVersion = 10.0.40219.1
Project("{FAE04EC0-301F-11D3-BF4B-00C04F79EFBC}") = "Kafe21", "Kafe21\Kafe21.csproj", "{21BBA9C0-048E-4829-9898-BA21752D857A}"
EndProject
Project("{FAE04EC0-301F-11D3-BF4B-00C04F79EFBC}") = "Kafe21.Data", "Kafe21.Data\Kafe21.Data.csproj", "{CDCEE316-BA16-4206-9EC2-C9FFE0205452}"
EndProject
Global
	GlobalSection(SolutionConfigurationPlatforms) = preSolution
		Debug|Any CPU = Debug|Any CPU
		Release|Any CPU = Release|Any CPU
	EndGlobalSection
	GlobalSection(ProjectConfigurationPlatforms) = postSolution
		{21BBA9C0-048E-4829-9898-BA21752D857A}.Debug|Any CPU.ActiveCfg = Debug|Any CPU
		{21BBA9C0-048E-4829-9898-BA21752D857A}.Debug|Any CPU.Build.0 = Debug|Any CPU
		{21BBA9C0-048E-4829-9898-BA21752D857A}.Release|Any CPU.ActiveCfg = Release|Any CPU
		{21BBA9C0-048E-4829-9898-BA21752D857A}.Release|Any CPU.Build.0 = Release|Any CPU
		{CDCEE316-BA16-4206-9EC2-C9FFE0205452}.Debug|Any CPU.ActiveCfg = Debug|Any CPU
		{CDCEE316-BA16-4206-9EC2-C9FFE0205452}.Debug|Any CPU.Build.0 = Debug|Any CPU
		{CDCEE316-BA16-4206-9EC2-C9FFE0205452}.Release|Any CPU.ActiveCfg = Release|Any CPU
		{CDCEE316-BA16-4206-9EC2-C9FFE0205452}.Release|Any CPU.Build.0 = Release|Any CPU
	EndGlobalSection
	GlobalSection(SolutionProperties) = preSolution
		HideSolutionNode = FALSE
	EndGlobalSection
	GlobalSection(ExtensibilityGlobals) = postSolution
		SolutionGuid = {A1C713F5-D831-4553-AB37-D60213A3BC3C}
	EndGlobalSection
EndGlobal
